PODS:
  - AFNetworking (4.0.1):
    - AFNetworking/NSURLSession (= 4.0.1)
    - AFNetworking/Reachability (= 4.0.1)
    - AFNetworking/Security (= 4.0.1)
    - AFNetworking/Serialization (= 4.0.1)
    - AFNetworking/UIKit (= 4.0.1)
  - AFNetworking/NSURLSession (4.0.1):
    - AFNetworking/Reachability
    - AFNetworking/Security
    - AFNetworking/Serialization
  - AFNetworking/Reachability (4.0.1)
  - AFNetworking/Security (4.0.1)
  - AFNetworking/Serialization (4.0.1)
  - AFNetworking/UIKit (4.0.1):
    - AFNetworking/NSURLSession
  - MJExtension (3.4.1)
  - SJTYLogManager (1.0.1)
  - SJTYNetWork (1.0.32):
    - AFNetworking
    - MJExtension
    - SJTYLogManager

DEPENDENCIES:
  - SJTYNetWork (from `../`)

SPEC REPOS:
  https://github.com/CJL9567/SJTYLogManagerSpecs.git:
    - SJTYLogManager
  https://github.com/CocoaPods/Specs.git:
    - AFNetworking
    - MJExtension

EXTERNAL SOURCES:
  SJTYNetWork:
    :path: "../"

SPEC CHECKSUMS:
  AFNetworking: 3bd23d814e976cd148d7d44c3ab78017b744cd58
  MJExtension: 21c5f6f8c4d5d8844b7ae8fbae08fed0b501f961
  SJTYLogManager: 6e66cc1c3bcde02ec08710b8cc1de810fffc644f
  SJTYNetWork: 0d06bbe1b9ba96fef24c363a84a9a642c37e23b5

PODFILE CHECKSUM: 6c560e53e3f799224da8d42ef104eca4e134f71d

COCOAPODS: 1.16.2
