PODS:
  - AFNetworking (4.0.1):
    - AFNetworking/NSURLSession (= 4.0.1)
    - AFNetworking/Reachability (= 4.0.1)
    - AFNetworking/Security (= 4.0.1)
    - AFNetworking/Serialization (= 4.0.1)
    - AFNetworking/UIKit (= 4.0.1)
  - AFNetworking/NSURLSession (4.0.1):
    - AFNetworking/Reachability
    - AFNetworking/Security
    - AFNetworking/Serialization
  - AFNetworking/Reachability (4.0.1)
  - AFNetworking/Security (4.0.1)
  - AFNetworking/Serialization (4.0.1)
  - AFNetworking/UIKit (4.0.1):
    - AFNetworking/NSURLSession
  - Base64 (1.1.2)
  - JWT (3.0.0-beta.14):
    - Base64 (~> 1.1.2)
  - MJExtension (3.4.2)
  - SJTYLogManager (1.0.3)
  - SJTYNetWork (1.0.36):
    - AFNetworking
    - JWT (= 3.0.0-beta.14)
    - MJExtension
    - SJTYLogManager

DEPENDENCIES:
  - SJTYNetWork (from `../`)

SPEC REPOS:
  https://github.com/CocoaPods/Specs.git:
    - AFNetworking
    - Base64
    - JWT
    - MJExtension
    - SJTYLogManager

EXTERNAL SOURCES:
  SJTYNetWork:
    :path: "../"

SPEC CHECKSUMS:
  AFNetworking: 3bd23d814e976cd148d7d44c3ab78017b744cd58
  Base64: cecfb41a004124895a7bcee567a89bae5a89d49b
  JWT: ef71dfb03e1f842081e64dc42eef0e164f35d251
  MJExtension: e97d164cb411aa9795cf576093a1fa208b4a8dd8
  SJTYLogManager: ce096b85ceb8829b8bbaf00d3a209318c5959f20
  SJTYNetWork: 6676d72b0bb66e234d3d69a09ec6ae723e52fbea

PODFILE CHECKSUM: 6c560e53e3f799224da8d42ef104eca4e134f71d

COCOAPODS: 1.16.2
